
Microsoft Visual Studio Solution File, Format Version 12.00
# Visual Studio Version 16
VisualStudioVersion = 16.0.31005.135
MinimumVisualStudioVersion = 10.0.40219.1
Project("{FAE04EC0-301F-11D3-BF4B-00C04F79EFBC}") = "Lab7_6", "Lab7_6.csproj", "{597898AC-8948-40D7-A042-4DDEE54D61CF}"
EndProject
Global
	GlobalSection(SolutionConfigurationPlatforms) = preSolution
		Debug|Any CPU = Debug|Any CPU
		Release|Any CPU = Release|Any CPU
	EndGlobalSection
	GlobalSection(ProjectConfigurationPlatforms) = postSolution
		{597898AC-8948-40D7-A042-4DDEE54D61CF}.Debug|Any CPU.ActiveCfg = Debug|Any CPU
		{597898AC-8948-40D7-A042-4DDEE54D61CF}.Debug|Any CPU.Build.0 = Debug|Any CPU
		{597898AC-8948-40D7-A042-4DDEE54D61CF}.Release|Any CPU.ActiveCfg = Release|Any CPU
		{597898AC-8948-40D7-A042-4DDEE54D61CF}.Release|Any CPU.Build.0 = Release|Any CPU
	EndGlobalSection
	GlobalSection(SolutionProperties) = preSolution
		HideSolutionNode = FALSE
	EndGlobalSection
	GlobalSection(ExtensibilityGlobals) = postSolution
		SolutionGuid = {0FF9F605-6C2E-4BA4-AD4F-F4CA0A51EE17}
	EndGlobalSection
EndGlobal
