
Microsoft Visual Studio Solution File, Format Version 12.00
# Visual Studio Version 16
VisualStudioVersion = 16.0.31005.135
MinimumVisualStudioVersion = 10.0.40219.1
Project("{FAE04EC0-301F-11D3-BF4B-00C04F79EFBC}") = "SnakeConsoleGame", "SnakeConsoleGame.csproj", "{08BC7401-6C27-40F5-9149-78A370265F24}"
EndProject
Global
	GlobalSection(SolutionConfigurationPlatforms) = preSolution
		Debug|Any CPU = Debug|Any CPU
		Release|Any CPU = Release|Any CPU
	EndGlobalSection
	GlobalSection(ProjectConfigurationPlatforms) = postSolution
		{08BC7401-6C27-40F5-9149-78A370265F24}.Debug|Any CPU.ActiveCfg = Debug|Any CPU
		{08BC7401-6C27-40F5-9149-78A370265F24}.Debug|Any CPU.Build.0 = Debug|Any CPU
		{08BC7401-6C27-40F5-9149-78A370265F24}.Release|Any CPU.ActiveCfg = Release|Any CPU
		{08BC7401-6C27-40F5-9149-78A370265F24}.Release|Any CPU.Build.0 = Release|Any CPU
	EndGlobalSection
	GlobalSection(SolutionProperties) = preSolution
		HideSolutionNode = FALSE
	EndGlobalSection
	GlobalSection(ExtensibilityGlobals) = postSolution
		SolutionGuid = {F1DC559E-0C5A-4085-932F-947557ABA400}
	EndGlobalSection
EndGlobal
