
Microsoft Visual Studio Solution File, Format Version 12.00
# Visual Studio Version 16
VisualStudioVersion = 16.0.31005.135
MinimumVisualStudioVersion = 10.0.40219.1
Project("{FAE04EC0-301F-11D3-BF4B-00C04F79EFBC}") = "Lab19_1", "Lab19_1.csproj", "{F40A955D-3F27-4AAE-B6A7-42B5700BD6C3}"
EndProject
Global
	GlobalSection(SolutionConfigurationPlatforms) = preSolution
		Debug|Any CPU = Debug|Any CPU
		Release|Any CPU = Release|Any CPU
	EndGlobalSection
	GlobalSection(ProjectConfigurationPlatforms) = postSolution
		{F40A955D-3F27-4AAE-B6A7-42B5700BD6C3}.Debug|Any CPU.ActiveCfg = Debug|Any CPU
		{F40A955D-3F27-4AAE-B6A7-42B5700BD6C3}.Debug|Any CPU.Build.0 = Debug|Any CPU
		{F40A955D-3F27-4AAE-B6A7-42B5700BD6C3}.Release|Any CPU.ActiveCfg = Release|Any CPU
		{F40A955D-3F27-4AAE-B6A7-42B5700BD6C3}.Release|Any CPU.Build.0 = Release|Any CPU
	EndGlobalSection
	GlobalSection(SolutionProperties) = preSolution
		HideSolutionNode = FALSE
	EndGlobalSection
	GlobalSection(ExtensibilityGlobals) = postSolution
		SolutionGuid = {6E944495-72C1-47F5-BC06-4C7CC80DEA57}
	EndGlobalSection
EndGlobal
