
Microsoft Visual Studio Solution File, Format Version 12.00
# Visual Studio Version 16
VisualStudioVersion = 16.0.31005.135
MinimumVisualStudioVersion = 10.0.40219.1
Project("{FAE04EC0-301F-11D3-BF4B-00C04F79EFBC}") = "Training", "Training.csproj", "{B791CFDA-9758-46C5-85DC-CE3044A0A648}"
EndProject
Global
	GlobalSection(SolutionConfigurationPlatforms) = preSolution
		Debug|Any CPU = Debug|Any CPU
		Release|Any CPU = Release|Any CPU
	EndGlobalSection
	GlobalSection(ProjectConfigurationPlatforms) = postSolution
		{B791CFDA-9758-46C5-85DC-CE3044A0A648}.Debug|Any CPU.ActiveCfg = Debug|Any CPU
		{B791CFDA-9758-46C5-85DC-CE3044A0A648}.Debug|Any CPU.Build.0 = Debug|Any CPU
		{B791CFDA-9758-46C5-85DC-CE3044A0A648}.Release|Any CPU.ActiveCfg = Release|Any CPU
		{B791CFDA-9758-46C5-85DC-CE3044A0A648}.Release|Any CPU.Build.0 = Release|Any CPU
	EndGlobalSection
	GlobalSection(SolutionProperties) = preSolution
		HideSolutionNode = FALSE
	EndGlobalSection
	GlobalSection(ExtensibilityGlobals) = postSolution
		SolutionGuid = {CED00250-97AD-43E4-8A73-DBB099CE6F5A}
	EndGlobalSection
EndGlobal
