
Microsoft Visual Studio Solution File, Format Version 12.00
# Visual Studio Version 16
VisualStudioVersion = 16.0.30907.101
MinimumVisualStudioVersion = 10.0.40219.1
Project("{FAE04EC0-301F-11D3-BF4B-00C04F79EFBC}") = "Lab2", "Lab2.csproj", "{A362FB3E-F02D-473C-B13B-19A65AC134B5}"
EndProject
Global
	GlobalSection(SolutionConfigurationPlatforms) = preSolution
		Debug|Any CPU = Debug|Any CPU
		Release|Any CPU = Release|Any CPU
	EndGlobalSection
	GlobalSection(ProjectConfigurationPlatforms) = postSolution
		{A362FB3E-F02D-473C-B13B-19A65AC134B5}.Debug|Any CPU.ActiveCfg = Debug|Any CPU
		{A362FB3E-F02D-473C-B13B-19A65AC134B5}.Debug|Any CPU.Build.0 = Debug|Any CPU
		{A362FB3E-F02D-473C-B13B-19A65AC134B5}.Release|Any CPU.ActiveCfg = Release|Any CPU
		{A362FB3E-F02D-473C-B13B-19A65AC134B5}.Release|Any CPU.Build.0 = Release|Any CPU
	EndGlobalSection
	GlobalSection(SolutionProperties) = preSolution
		HideSolutionNode = FALSE
	EndGlobalSection
	GlobalSection(ExtensibilityGlobals) = postSolution
		SolutionGuid = {25A8B720-4E06-41BA-B4D1-AB309FC29C63}
	EndGlobalSection
EndGlobal
